<?xml version="1.0" encoding="utf-8"?>
<Project ToolsVersion="4.0" xmlns="http://schemas.microsoft.com/developer/msbuild/2003">
  <ItemGroup>
    <Filter Include="Source Files">
      <UniqueIdentifier>{4FC737F1-C7A5-4376-A066-2A32D752A2FF}</UniqueIdentifier>
      <Extensions>cpp;cxx;c;def</Extensions>
    </Filter>
    <Filter Include="Header Files">
      <UniqueIdentifier>{93995380-89BD-4b04-88EB-625FBE52EBFB}</UniqueIdentifier>
      <Extensions>h</Extensions>
    </Filter>
    <Filter Include="Resource Files">
      <UniqueIdentifier>{D9D6E242-F8AF-46E4-B9FD-80ECBC20BA3E}</UniqueIdentifier>
      <Extensions>qrc;*</Extensions>
      <ParseFiles>false</ParseFiles>
    </Filter>
    <Filter Include="Generated Files">
      <UniqueIdentifier>{71ED8ED8-ACB9-4CE9-BBE1-E00B30144E11}</UniqueIdentifier>
      <Extensions>moc;h;cpp</Extensions>
      <SourceControlFiles>False</SourceControlFiles>
    </Filter>
    <Filter Include="Form Files">
      <UniqueIdentifier>{99349809-55BA-4b9d-BF79-8FDBB0286EB3}</UniqueIdentifier>
      <Extensions>ui</Extensions>
      <ParseFiles>true</ParseFiles>
    </Filter>
    <Filter Include="Generated Files\Debug">
      <UniqueIdentifier>{9056f698-8e9d-478c-bad6-f69da88231f9}</UniqueIdentifier>
      <Extensions>cpp;moc</Extensions>
      <SourceControlFiles>False</SourceControlFiles>
    </Filter>
    <Filter Include="Generated Files\Release">
      <UniqueIdentifier>{7ce1e0c6-6804-40d0-bd59-a3fd216e971f}</UniqueIdentifier>
      <Extensions>cpp;moc</Extensions>
      <SourceControlFiles>False</SourceControlFiles>
    </Filter>
  </ItemGroup>
  <ItemGroup>
    <ClCompile Include="main.cpp">
      <Filter>Source Files</Filter>
    </ClCompile>
    <ClCompile Include="Collision\BaseBulk.cpp">
      <Filter>Source Files</Filter>
    </ClCompile>
    <ClCompile Include="Collision\Collision.cpp">
      <Filter>Source Files</Filter>
    </ClCompile>
    <ClCompile Include="Collision\CommonBulk.cpp">
      <Filter>Source Files</Filter>
    </ClCompile>
    <ClCompile Include="Collision\CylinderBulk.cpp">
      <Filter>Source Files</Filter>
    </ClCompile>
    <ClCompile Include="Collision\ExtruderCone.cpp">
      <Filter>Source Files</Filter>
    </ClCompile>
    <ClCompile Include="Collision\ResolveAngle.cpp">
      <Filter>Source Files</Filter>
    </ClCompile>
    <ClCompile Include="Collision\SpecialBulk.cpp">
      <Filter>Source Files</Filter>
    </ClCompile>
    <ClCompile Include="FiberPrint\DualGraph.cpp">
      <Filter>Source Files</Filter>
    </ClCompile>
    <ClCompile Include="FiberPrint\FiberPrintPARM.cpp">
      <Filter>Source Files</Filter>
    </ClCompile>
    <ClCompile Include="FiberPrint\FiberPrintPlugIn.cpp">
      <Filter>Source Files</Filter>
    </ClCompile>
    <ClCompile Include="FiberPrint\GraphCut.cpp">
      <Filter>Source Files</Filter>
    </ClCompile>
    <ClCompile Include="FiberPrint\ProcessAnalyzer.cpp">
      <Filter>Source Files</Filter>
    </ClCompile>
    <ClCompile Include="FiberPrint\SeqAnalyzer.cpp">
      <Filter>Source Files</Filter>
    </ClCompile>
    <ClCompile Include="I_O\Loader.cpp">
      <Filter>Source Files</Filter>
    </ClCompile>
    <ClCompile Include="I_O\Statistics.cpp">
      <Filter>Source Files</Filter>
    </ClCompile>
    <ClCompile Include="I_O\TSPLIB_Loader.cpp">
      <Filter>Source Files</Filter>
    </ClCompile>
    <ClCompile Include="QP\Loader.cpp">
      <Filter>Source Files</Filter>
    </ClCompile>
    <ClCompile Include="QP\QP.cpp">
      <Filter>Source Files</Filter>
    </ClCompile>
    <ClCompile Include="QP\QPFactory.cpp">
      <Filter>Source Files</Filter>
    </ClCompile>
    <ClCompile Include="QP\QPMosek.cpp">
      <Filter>Source Files</Filter>
    </ClCompile>
    <ClCompile Include="QP\Timer.cpp">
      <Filter>Source Files</Filter>
    </ClCompile>
    <ClCompile Include="Stiffness\CoordTrans.cpp">
      <Filter>Source Files</Filter>
    </ClCompile>
    <ClCompile Include="Stiffness\Stiffness.cpp">
      <Filter>Source Files</Filter>
    </ClCompile>
    <ClCompile Include="Stiffness\StiffnessIO.cpp">
      <Filter>Source Files</Filter>
    </ClCompile>
    <ClCompile Include="Stiffness\StiffnessSolver.cpp">
      <Filter>Source Files</Filter>
    </ClCompile>
    <ClCompile Include="WireFrame\WireFrame.cpp">
      <Filter>Source Files</Filter>
    </ClCompile>
    <ClCompile Include="GeneratedFiles\qrc_mainwindow.cpp">
      <Filter>Generated Files</Filter>
    </ClCompile>
    <ClCompile Include="mainwindow.cpp">
      <Filter>Source Files</Filter>
    </ClCompile>
    <ClCompile Include="GeneratedFiles\Debug\moc_mainwindow.cpp">
      <Filter>Generated Files\Debug</Filter>
    </ClCompile>
    <ClCompile Include="GeneratedFiles\Release\moc_mainwindow.cpp">
      <Filter>Generated Files\Release</Filter>
    </ClCompile>
    <ClCompile Include="renderingwidget.cpp">
      <Filter>Source Files</Filter>
    </ClCompile>
    <ClCompile Include="GeneratedFiles\Debug\moc_renderingwidget.cpp">
      <Filter>Generated Files\Debug</Filter>
    </ClCompile>
    <ClCompile Include="GeneratedFiles\Release\moc_renderingwidget.cpp">
      <Filter>Generated Files\Release</Filter>
    </ClCompile>
    <ClCompile Include="ArcBall.cpp">
      <Filter>Source Files</Filter>
    </ClCompile>
    <ClCompile Include="Collision\NewCollision\QuadricCollision.cpp">
      <Filter>Source Files</Filter>
    </ClCompile>
  </ItemGroup>
  <ItemGroup>
    <ClInclude Include="Collision\BaseBulk.h">
      <Filter>Header Files</Filter>
    </ClInclude>
    <ClInclude Include="Collision\Collision.h">
      <Filter>Header Files</Filter>
    </ClInclude>
    <ClInclude Include="Collision\CommonBulk.h">
      <Filter>Header Files</Filter>
    </ClInclude>
    <ClInclude Include="Collision\CylinderBulk.h">
      <Filter>Header Files</Filter>
    </ClInclude>
    <ClInclude Include="Collision\ExtruderCone.h">
      <Filter>Header Files</Filter>
    </ClInclude>
    <ClInclude Include="Collision\Geometry.h">
      <Filter>Header Files</Filter>
    </ClInclude>
    <ClInclude Include="Collision\Parallelogram.h">
      <Filter>Header Files</Filter>
    </ClInclude>
    <ClInclude Include="Collision\Polyface.h">
      <Filter>Header Files</Filter>
    </ClInclude>
    <ClInclude Include="Collision\ResolveAngle.h">
      <Filter>Header Files</Filter>
    </ClInclude>
    <ClInclude Include="Collision\SpecialBulk.h">
      <Filter>Header Files</Filter>
    </ClInclude>
    <ClInclude Include="Collision\Triangle.h">
      <Filter>Header Files</Filter>
    </ClInclude>
    <ClInclude Include="FiberPrint\DualGraph.h">
      <Filter>Header Files</Filter>
    </ClInclude>
    <ClInclude Include="FiberPrint\FiberPrintPARM.h">
      <Filter>Header Files</Filter>
    </ClInclude>
    <ClInclude Include="FiberPrint\FiberPrintPlugIn.h">
      <Filter>Header Files</Filter>
    </ClInclude>
    <ClInclude Include="FiberPrint\GraphCut.h">
      <Filter>Header Files</Filter>
    </ClInclude>
    <ClInclude Include="FiberPrint\ProcessAnalyzer.h">
      <Filter>Header Files</Filter>
    </ClInclude>
    <ClInclude Include="FiberPrint\SeqAnalyzer.h">
      <Filter>Header Files</Filter>
    </ClInclude>
    <ClInclude Include="I_O\Loader.h">
      <Filter>Header Files</Filter>
    </ClInclude>
    <ClInclude Include="I_O\Statistics.h">
      <Filter>Header Files</Filter>
    </ClInclude>
    <ClInclude Include="I_O\TSPLIB_Loader.h">
      <Filter>Header Files</Filter>
    </ClInclude>
    <ClInclude Include="QP\Loader.h">
      <Filter>Header Files</Filter>
    </ClInclude>
    <ClInclude Include="QP\QP.h">
      <Filter>Header Files</Filter>
    </ClInclude>
    <ClInclude Include="QP\QPFactory.h">
      <Filter>Header Files</Filter>
    </ClInclude>
    <ClInclude Include="QP\QPMosek.h">
      <Filter>Header Files</Filter>
    </ClInclude>
    <ClInclude Include="QP\Timer.h">
      <Filter>Header Files</Filter>
    </ClInclude>
    <ClInclude Include="Stiffness\CoordTrans.h">
      <Filter>Header Files</Filter>
    </ClInclude>
    <ClInclude Include="Stiffness\GCommon.h">
      <Filter>Header Files</Filter>
    </ClInclude>
    <ClInclude Include="Stiffness\GUtil.h">
      <Filter>Header Files</Filter>
    </ClInclude>
    <ClInclude Include="Stiffness\Stiffness.h">
      <Filter>Header Files</Filter>
    </ClInclude>
    <ClInclude Include="Stiffness\StiffnessIO.h">
      <Filter>Header Files</Filter>
    </ClInclude>
    <ClInclude Include="Stiffness\StiffnessSolver.h">
      <Filter>Header Files</Filter>
    </ClInclude>
    <ClInclude Include="WireFrame\Vec.h">
      <Filter>Header Files</Filter>
    </ClInclude>
    <ClInclude Include="WireFrame\WireFrame.h">
      <Filter>Header Files</Filter>
    </ClInclude>
    <ClInclude Include="GeneratedFiles\ui_mainwindow.h">
      <Filter>Generated Files</Filter>
    </ClInclude>
    <ClInclude Include="ArcBall.h">
      <Filter>Header Files</Filter>
    </ClInclude>
    <ClInclude Include="globalFunctions.h">
      <Filter>Header Files</Filter>
    </ClInclude>
    <ClInclude Include="Collision\NewCollision\QuadricCollision.h">
      <Filter>Header Files</Filter>
    </ClInclude>
  </ItemGroup>
  <ItemGroup>
    <CustomBuild Include="mainwindow.qrc">
      <Filter>Resource Files</Filter>
    </CustomBuild>
    <CustomBuild Include="mainwindow.ui">
      <Filter>Form Files</Filter>
    </CustomBuild>
    <CustomBuild Include="mainwindow.h">
      <Filter>Header Files</Filter>
    </CustomBuild>
    <CustomBuild Include="renderingwidget.h">
      <Filter>Header Files</Filter>
    </CustomBuild>
  </ItemGroup>
  <ItemGroup>
    <Image Include="Resources\images\copy.png">
      <Filter>Resource Files</Filter>
    </Image>
    <Image Include="Resources\images\cut.png">
      <Filter>Resource Files</Filter>
    </Image>
    <Image Include="Resources\images\new.png">
      <Filter>Resource Files</Filter>
    </Image>
    <Image Include="Resources\images\open.png">
      <Filter>Resource Files</Filter>
    </Image>
    <Image Include="Resources\images\paste.png">
      <Filter>Resource Files</Filter>
    </Image>
    <Image Include="Resources\images\save.png">
      <Filter>Resource Files</Filter>
    </Image>
  </ItemGroup>
</Project>